PODS:
  - Alamofire (5.7.1)
  - JWTDecode (3.1.0)
  - Runtime (2.2.2)
  - SwiftyJSON (5.0.1)

DEPENDENCIES:
  - Alamofire
  - JWTDecode (~> 3.1)
  - Runtime
  - SwiftyJSON

SPEC REPOS:
  https://github.com/CocoaPods/Specs.git:
    - Alamofire
    - JWTDecode
    - Runtime
    - SwiftyJSON

SPEC CHECKSUMS:
  Alamofire: 0123a34370cb170936ae79a8df46cc62b2edeb88
  JWTDecode: 3eaab1e06b6f4dcbdd6716aff09ba4c2104ca8b7
  Runtime: 67741bd196fb4ad821c4d259ccc527bf734d8806
  SwiftyJSON: 2f33a42c6fbc52764d96f13368585094bfd8aa5e

PODFILE CHECKSUM: 80044a473f0a2b3a5075cf5ae5455f913206ccf7

COCOAPODS: 1.11.2
